
Microsoft Visual Studio Solution File, Format Version 12.00
# Visual Studio 15
VisualStudioVersion = 15.0.27703.2026
MinimumVisualStudioVersion = 10.0.40219.1
Project("{FAE04EC0-301F-11D3-BF4B-00C04F79EFBC}") = "WarehouseReqs", "WarehouseReqs\WarehouseReqs.csproj", "{DFCE2B0D-DD83-4CF8-A8AD-35F65FCD1ABC}"
EndProject
Global
	GlobalSection(SolutionConfigurationPlatforms) = preSolution
		Debug|Any CPU = Debug|Any CPU
		Release|Any CPU = Release|Any CPU
	EndGlobalSection
	GlobalSection(ProjectConfigurationPlatforms) = postSolution
		{DFCE2B0D-DD83-4CF8-A8AD-35F65FCD1ABC}.Debug|Any CPU.ActiveCfg = Debug|Any CPU
		{DFCE2B0D-DD83-4CF8-A8AD-35F65FCD1ABC}.Debug|Any CPU.Build.0 = Debug|Any CPU
		{DFCE2B0D-DD83-4CF8-A8AD-35F65FCD1ABC}.Release|Any CPU.ActiveCfg = Release|Any CPU
		{DFCE2B0D-DD83-4CF8-A8AD-35F65FCD1ABC}.Release|Any CPU.Build.0 = Release|Any CPU
	EndGlobalSection
	GlobalSection(SolutionProperties) = preSolution
		HideSolutionNode = FALSE
	EndGlobalSection
	GlobalSection(ExtensibilityGlobals) = postSolution
		SolutionGuid = {C0430A7E-964A-452B-8DD7-2AA194104DF3}
	EndGlobalSection
EndGlobal
